
Microsoft Visual Studio Solution File, Format Version 12.00
# Visual Studio Version 17
VisualStudioVersion = 17.0.32126.317
MinimumVisualStudioVersion = 10.0.40219.1
Project("{FAE04EC0-301F-11D3-BF4B-00C04F79EFBC}") = "CleanCode.TypesBranchesAndLoops", "CleanCode.TypesBranchesAndLoops\CleanCode.TypesBranchesAndLoops.csproj", "{C9A0B775-B343-4B05-AF9F-BDC80B3BA37D}"
EndProject
Project("{FAE04EC0-301F-11D3-BF4B-00C04F79EFBC}") = "CleanCode.GuessingNumberGame", "CleanCode.GuessingNumberGame\CleanCode.GuessingNumberGame.csproj", "{42462FAE-0E74-45B1-8E75-4579B79AE361}"
EndProject
Global
	GlobalSection(SolutionConfigurationPlatforms) = preSolution
		Debug|Any CPU = Debug|Any CPU
		Release|Any CPU = Release|Any CPU
	EndGlobalSection
	GlobalSection(ProjectConfigurationPlatforms) = postSolution
		{C9A0B775-B343-4B05-AF9F-BDC80B3BA37D}.Debug|Any CPU.ActiveCfg = Debug|Any CPU
		{C9A0B775-B343-4B05-AF9F-BDC80B3BA37D}.Debug|Any CPU.Build.0 = Debug|Any CPU
		{C9A0B775-B343-4B05-AF9F-BDC80B3BA37D}.Release|Any CPU.ActiveCfg = Release|Any CPU
		{C9A0B775-B343-4B05-AF9F-BDC80B3BA37D}.Release|Any CPU.Build.0 = Release|Any CPU
		{42462FAE-0E74-45B1-8E75-4579B79AE361}.Debug|Any CPU.ActiveCfg = Debug|Any CPU
		{42462FAE-0E74-45B1-8E75-4579B79AE361}.Debug|Any CPU.Build.0 = Debug|Any CPU
		{42462FAE-0E74-45B1-8E75-4579B79AE361}.Release|Any CPU.ActiveCfg = Release|Any CPU
		{42462FAE-0E74-45B1-8E75-4579B79AE361}.Release|Any CPU.Build.0 = Release|Any CPU
	EndGlobalSection
	GlobalSection(SolutionProperties) = preSolution
		HideSolutionNode = FALSE
	EndGlobalSection
	GlobalSection(ExtensibilityGlobals) = postSolution
		SolutionGuid = {863CD963-2BF1-47F5-82FE-1BC0EF038266}
	EndGlobalSection
EndGlobal
